<?xml version="1.0" encoding="utf-8"?>
<Project ToolsVersion="4.0" xmlns="http://schemas.microsoft.com/developer/msbuild/2003">
  <ItemGroup>
    <Filter Include="源文件">
      <UniqueIdentifier>{4FC737F1-C7A5-4376-A066-2A32D752A2FF}</UniqueIdentifier>
      <Extensions>cpp;c;cc;cxx;c++;cppm;ixx;def;odl;idl;hpj;bat;asm;asmx</Extensions>
    </Filter>
    <Filter Include="头文件">
      <UniqueIdentifier>{93995380-89BD-4b04-88EB-625FBE52EBFB}</UniqueIdentifier>
      <Extensions>h;hh;hpp;hxx;h++;hm;inl;inc;ipp;xsd</Extensions>
    </Filter>
    <Filter Include="资源文件">
      <UniqueIdentifier>{67DA6AB6-F800-4c08-8B7A-83BB121AAD01}</UniqueIdentifier>
      <Extensions>rc;ico;cur;bmp;dlg;rc2;rct;bin;rgs;gif;jpg;jpeg;jpe;resx;tiff;tif;png;wav;mfcribbon-ms</Extensions>
    </Filter>
    <Filter Include="头文件\Input Management">
      <UniqueIdentifier>{c433c139-df78-4519-84de-4935bcaa8bdd}</UniqueIdentifier>
    </Filter>
    <Filter Include="源文件\Input Management">
      <UniqueIdentifier>{53bee8f3-5a9b-4a48-a3db-3b20fb1ccd13}</UniqueIdentifier>
    </Filter>
  </ItemGroup>
  <ItemGroup>
    <ClCompile Include="src\cpp\Main.cpp">
      <Filter>源文件</Filter>
    </ClCompile>
    <ClCompile Include="src\cpp\Timer.cpp">
      <Filter>源文件</Filter>
    </ClCompile>
    <ClCompile Include="Src\Cpp\Mouse\Mouse.cpp">
      <Filter>源文件\Input Management</Filter>
    </ClCompile>
    <ClCompile Include="Src\Cpp\Mouse\MouseEvent.cpp">
      <Filter>源文件\Input Management</Filter>
    </ClCompile>
    <ClCompile Include="Src\Cpp\Keyboard\Keyboard.cpp">
      <Filter>源文件\Input Management</Filter>
    </ClCompile>
    <ClCompile Include="Src\Cpp\Keyboard\KeyboardEvent.cpp">
      <Filter>源文件\Input Management</Filter>
    </ClCompile>
    <ClCompile Include="Src\Cpp\Graphics\Graphics.cpp">
      <Filter>源文件</Filter>
    </ClCompile>
    <ClCompile Include="Src\Cpp\Tools\DataTypeConverter.cpp">
      <Filter>源文件</Filter>
    </ClCompile>
    <ClCompile Include="Src\Cpp\Tools\ErrorLogger.cpp">
      <Filter>源文件</Filter>
    </ClCompile>
    <ClCompile Include="Src\Cpp\RenderingEngine.cpp">
      <Filter>源文件</Filter>
    </ClCompile>
    <ClCompile Include="Src\Cpp\Windows\RenderWindow.cpp">
      <Filter>源文件</Filter>
    </ClCompile>
    <ClCompile Include="Src\Cpp\Graphics\Structures\Shader.cpp">
      <Filter>源文件</Filter>
    </ClCompile>
    <ClCompile Include="Src\Cpp\Graphics\MeshRenderer.cpp">
      <Filter>源文件</Filter>
    </ClCompile>
    <ClCompile Include="Src\Cpp\Graphics\UI\ImGui\imgui.cpp">
      <Filter>源文件</Filter>
    </ClCompile>
    <ClCompile Include="Src\Cpp\Graphics\UI\ImGui\imgui_demo.cpp">
      <Filter>源文件</Filter>
    </ClCompile>
    <ClCompile Include="Src\Cpp\Graphics\UI\ImGui\imgui_draw.cpp">
      <Filter>源文件</Filter>
    </ClCompile>
    <ClCompile Include="Src\Cpp\Graphics\UI\ImGui\imgui_impl_dx11.cpp">
      <Filter>源文件</Filter>
    </ClCompile>
    <ClCompile Include="Src\Cpp\Graphics\UI\ImGui\imgui_impl_win32.cpp">
      <Filter>源文件</Filter>
    </ClCompile>
    <ClCompile Include="Src\Cpp\Graphics\UI\ImGui\imgui_widgets.cpp">
      <Filter>源文件</Filter>
    </ClCompile>
    <ClCompile Include="Src\Cpp\Graphics\ShaderProcessor.cpp">
      <Filter>源文件</Filter>
    </ClCompile>
    <ClCompile Include="Src\Cpp\Graphics\UI\UserInterface.cpp">
      <Filter>源文件</Filter>
    </ClCompile>
    <ClCompile Include="Src\Cpp\Logic\Object.cpp">
      <Filter>源文件</Filter>
    </ClCompile>
    <ClCompile Include="Src\Cpp\Graphics\MaterialManager.cpp">
      <Filter>源文件</Filter>
    </ClCompile>
    <ClCompile Include="Src\Cpp\Logic\Transform.cpp">
      <Filter>源文件</Filter>
    </ClCompile>
    <ClCompile Include="Src\Cpp\Logic\Camera.cpp">
      <Filter>源文件</Filter>
    </ClCompile>
    <ClCompile Include="Src\Cpp\Logic\ObjectManager.cpp">
      <Filter>源文件</Filter>
    </ClCompile>
  </ItemGroup>
  <ItemGroup>
    <ClInclude Include="src\cpp\Timer.h">
      <Filter>头文件</Filter>
    </ClInclude>
    <ClInclude Include="Src\Cpp\Mouse\Mouse.h">
      <Filter>头文件\Input Management</Filter>
    </ClInclude>
    <ClInclude Include="Src\Cpp\Mouse\MouseEvent.h">
      <Filter>头文件\Input Management</Filter>
    </ClInclude>
    <ClInclude Include="Src\Cpp\Keyboard\Keyboard.h">
      <Filter>头文件\Input Management</Filter>
    </ClInclude>
    <ClInclude Include="Src\Cpp\Keyboard\KeyboardEvent.h">
      <Filter>头文件\Input Management</Filter>
    </ClInclude>
    <ClInclude Include="Src\Cpp\Graphics\Graphics.h">
      <Filter>头文件</Filter>
    </ClInclude>
    <ClInclude Include="Src\Cpp\Tools\DataTypeConverter.h">
      <Filter>头文件</Filter>
    </ClInclude>
    <ClInclude Include="Src\Cpp\Tools\ErrorLogger.h">
      <Filter>头文件</Filter>
    </ClInclude>
    <ClInclude Include="Src\Cpp\Windows\RenderWindow.h">
      <Filter>头文件</Filter>
    </ClInclude>
    <ClInclude Include="Src\Cpp\RenderingEngine.h">
      <Filter>头文件</Filter>
    </ClInclude>
    <ClInclude Include="Src\Cpp\Graphics\Structures\VertexBuffer.h">
      <Filter>头文件</Filter>
    </ClInclude>
    <ClInclude Include="Src\Cpp\Graphics\Structures\IndexBuffer.h">
      <Filter>头文件</Filter>
    </ClInclude>
    <ClInclude Include="Src\Cpp\Graphics\Structures\VertexTypes.h">
      <Filter>头文件</Filter>
    </ClInclude>
    <ClInclude Include="Src\Cpp\Graphics\Structures\Shader.h">
      <Filter>头文件</Filter>
    </ClInclude>
    <ClInclude Include="Src\Cpp\Graphics\Structures\ConstantBuffer.h">
      <Filter>头文件</Filter>
    </ClInclude>
    <ClInclude Include="Src\Cpp\Graphics\Structures\ConstantBufferTypes.h">
      <Filter>头文件</Filter>
    </ClInclude>
    <ClInclude Include="Src\Cpp\Tools\COMException.h">
      <Filter>头文件</Filter>
    </ClInclude>
    <ClInclude Include="Src\Cpp\Graphics\Structures\Material.h">
      <Filter>头文件</Filter>
    </ClInclude>
    <ClInclude Include="Src\Cpp\Graphics\MeshRenderer.h">
      <Filter>头文件</Filter>
    </ClInclude>
    <ClInclude Include="Src\Cpp\Logic\Transform.h">
      <Filter>头文件</Filter>
    </ClInclude>
    <ClInclude Include="Src\Cpp\Logic\Object.h">
      <Filter>头文件</Filter>
    </ClInclude>
    <ClInclude Include="Src\Cpp\Graphics\Structures\Mesh.h">
      <Filter>头文件</Filter>
    </ClInclude>
    <ClInclude Include="Src\Cpp\Graphics\UI\ImGui\imconfig.h">
      <Filter>头文件</Filter>
    </ClInclude>
    <ClInclude Include="Src\Cpp\Graphics\UI\ImGui\imgui.h">
      <Filter>头文件</Filter>
    </ClInclude>
    <ClInclude Include="Src\Cpp\Graphics\UI\ImGui\imgui_impl_dx11.h">
      <Filter>头文件</Filter>
    </ClInclude>
    <ClInclude Include="Src\Cpp\Graphics\UI\ImGui\imgui_impl_win32.h">
      <Filter>头文件</Filter>
    </ClInclude>
    <ClInclude Include="Src\Cpp\Graphics\UI\ImGui\imgui_internal.h">
      <Filter>头文件</Filter>
    </ClInclude>
    <ClInclude Include="Src\Cpp\Graphics\UI\ImGui\imstb_rectpack.h">
      <Filter>头文件</Filter>
    </ClInclude>
    <ClInclude Include="Src\Cpp\Graphics\UI\ImGui\imstb_textedit.h">
      <Filter>头文件</Filter>
    </ClInclude>
    <ClInclude Include="Src\Cpp\Graphics\UI\ImGui\imstb_truetype.h">
      <Filter>头文件</Filter>
    </ClInclude>
    <ClInclude Include="Src\Cpp\Graphics\ShaderProcessor.h">
      <Filter>头文件</Filter>
    </ClInclude>
    <ClInclude Include="Src\Cpp\Logic\Component.h">
      <Filter>头文件</Filter>
    </ClInclude>
    <ClInclude Include="Src\Cpp\Logic\Camera.h">
      <Filter>头文件</Filter>
    </ClInclude>
    <ClInclude Include="Src\Cpp\Graphics\UI\UserInterface.h">
      <Filter>头文件</Filter>
    </ClInclude>
    <ClInclude Include="Src\Cpp\Logic\ObjectManager.h">
      <Filter>头文件</Filter>
    </ClInclude>
    <ClInclude Include="Src\Cpp\Graphics\MaterialManager.h">
      <Filter>头文件</Filter>
    </ClInclude>
  </ItemGroup>
  <ItemGroup>
    <FxCompile Include="Src\Shaders\PixelShader.hlsl" />
    <FxCompile Include="Src\Shaders\VertexShader.hlsl" />
  </ItemGroup>
  <ItemGroup>
    <None Include="Src\Shaders\ShaderHeader.hlsli" />
  </ItemGroup>
</Project>